lockfileVersion: 5.4

specifiers:
  '@types/jquery': ^3.5.14
  prettier: ^2.8.0
  prettier-plugin-tailwindcss: ^0.2.0

devDependencies:
  '@types/jquery': 3.5.14
  prettier: 2.8.0
  prettier-plugin-tailwindcss: 0.2.0_prettier@2.8.0

packages:

  /@types/jquery/3.5.14:
    resolution: {integrity: sha512-X1gtMRMbziVQkErhTQmSe2jFwwENA/Zr+PprCkF63vFq+Yt5PZ4AlKqgmeNlwgn7dhsXEK888eIW2520EpC+xg==}
    dependencies:
      '@types/sizzle': 2.3.3
    dev: true

  /@types/sizzle/2.3.3:
    resolution: {integrity: sha512-JYM8x9EGF163bEyhdJBpR2QX1R5naCJHC8ucJylJ3w9/CVBaskdQ8WqBf8MmQrd1kRvp/a4TS8HJ+bxzR7ZJYQ==}
    dev: true

  /prettier-plugin-tailwindcss/0.2.0_prettier@2.8.0:
    resolution: {integrity: sha512-Ruqig/mdWCSpqdq9WK44nrmqM4BFWTzBPhPGwC5NK3coV9eZntEQPB84MGZbjAg0XQU02jVRHXNRPREBzxvM+A==}
    engines: {node: '>=12.17.0'}
    peerDependencies:
      prettier: '>=2.2.0'
    dependencies:
      prettier: 2.8.0
    dev: true

  /prettier/2.8.0:
    resolution: {integrity: sha512-9Lmg8hTFZKG0Asr/kW9Bp8tJjRVluO8EJQVfY2T7FMw9T5jy4I/Uvx0Rca/XWf50QQ1/SS48+6IJWnrb+2yemA==}
    engines: {node: '>=10.13.0'}
    hasBin: true
    dev: true
